# This file is automatically @generated by Cargo.
# It is not intended for manual editing.
version = 4

[[package]]
name = "kovee-akson"
version = "0.0.1"

[[package]]
name = "kovee-artifacts"
version = "0.0.1"

[[package]]
name = "kovee-attention"
version = "0.0.1"

[[package]]
name = "kovee-auth"
version = "0.0.1"

[[package]]
name = "kovee-bus"
version = "0.0.1"

[[package]]
name = "kovee-byom"
version = "0.0.1"

[[package]]
name = "kovee-cli"
version = "0.0.1"

[[package]]
name = "kovee-commitment"
version = "0.0.1"

[[package]]
name = "kovee-core"
version = "0.0.1"

[[package]]
name = "kovee-effects"
version = "0.0.1"

[[package]]
name = "kovee-runtime"
version = "0.0.1"

[[package]]
name = "kovee-space"
version = "0.0.1"

[[package]]
name = "kovee-store"
version = "0.0.1"

[[package]]
name = "koveed"
version = "0.0.1"
